// !$*UTF8*$!
{
	archiveVersion = 1;
	classes = {
	};
	objectVersion = 56;
	objects = {

/* Begin PBXBuildFile section */
		4901A8D02C0E4055007348B9 /* PlayerViewModel.swift in Sources */ = {isa = PBXBuildFile; fileRef = 4901A8CF2C0E4055007348B9 /* PlayerViewModel.swift */; };
		493680A22C1B834800285C1C /* UserDefaultsManager.swift in Sources */ = {isa = PBXBuildFile; fileRef = 493680A12C1B834800285C1C /* UserDefaultsManager.swift */; };
		493CB15A2C1DE86E006E951F /* SongRowViewModel.swift in Sources */ = {isa = PBXBuildFile; fileRef = 493CB1592C1DE86E006E951F /* SongRowViewModel.swift */; };
		494975712C0B9D61005AE3B0 /* Artist.swift in Sources */ = {isa = PBXBuildFile; fileRef = 494975702C0B9D60005AE3B0 /* Artist.swift */; };
		4954A8402C1F05080054F1BF /* PreviewManager.swift in Sources */ = {isa = PBXBuildFile; fileRef = 4954A83F2C1F05080054F1BF /* PreviewManager.swift */; };
		4954A8432C1F3FC00054F1BF /* SliderView.swift in Sources */ = {isa = PBXBuildFile; fileRef = 4954A8422C1F3FC00054F1BF /* SliderView.swift */; };
		4954A8452C1F3FCF0054F1BF /* SliderViewModel.swift in Sources */ = {isa = PBXBuildFile; fileRef = 4954A8442C1F3FCF0054F1BF /* SliderViewModel.swift */; };
		4970D5C52C05E3E900E9AFE6 /* NetworkingManager.swift in Sources */ = {isa = PBXBuildFile; fileRef = 4970D5C42C05E3E900E9AFE6 /* NetworkingManager.swift */; };
		4970D5C82C05E4FF00E9AFE6 /* SpotifyApiService.swift in Sources */ = {isa = PBXBuildFile; fileRef = 4970D5C72C05E4FF00E9AFE6 /* SpotifyApiService.swift */; };
		4970D5CA2C066B6500E9AFE6 /* User.swift in Sources */ = {isa = PBXBuildFile; fileRef = 4970D5C92C066B6500E9AFE6 /* User.swift */; };
		4970D5CF2C06FED800E9AFE6 /* SpotifyAuthView.swift in Sources */ = {isa = PBXBuildFile; fileRef = 4970D5CE2C06FED800E9AFE6 /* SpotifyAuthView.swift */; };
		49735EC82BFF86F500AD26A6 /* MusicApp.swift in Sources */ = {isa = PBXBuildFile; fileRef = 49735EC72BFF86F500AD26A6 /* MusicApp.swift */; };
		49735ECC2BFF86F600AD26A6 /* Assets.xcassets in Resources */ = {isa = PBXBuildFile; fileRef = 49735ECB2BFF86F600AD26A6 /* Assets.xcassets */; };
		49735ECF2BFF86F600AD26A6 /* Preview Assets.xcassets in Resources */ = {isa = PBXBuildFile; fileRef = 49735ECE2BFF86F600AD26A6 /* Preview Assets.xcassets */; };
		49735ED92C003E3100AD26A6 /* HomeView.swift in Sources */ = {isa = PBXBuildFile; fileRef = 49735ED82C003E3100AD26A6 /* HomeView.swift */; };
		49735EDB2C003E4F00AD26A6 /* HomeViewModel.swift in Sources */ = {isa = PBXBuildFile; fileRef = 49735EDA2C003E4F00AD26A6 /* HomeViewModel.swift */; };
		49735EDE2C003E7800AD26A6 /* HeaderView.swift in Sources */ = {isa = PBXBuildFile; fileRef = 49735EDD2C003E7800AD26A6 /* HeaderView.swift */; };
		49735EE02C003E8400AD26A6 /* HeaderViewModel.swift in Sources */ = {isa = PBXBuildFile; fileRef = 49735EDF2C003E8400AD26A6 /* HeaderViewModel.swift */; };
		49735EE32C0046C400AD26A6 /* FooterView.swift in Sources */ = {isa = PBXBuildFile; fileRef = 49735EE22C0046C400AD26A6 /* FooterView.swift */; };
		49735EE52C004E1200AD26A6 /* SongRowView.swift in Sources */ = {isa = PBXBuildFile; fileRef = 49735EE42C004E1200AD26A6 /* SongRowView.swift */; };
		49735EE82C0053AF00AD26A6 /* QuickPicksView.swift in Sources */ = {isa = PBXBuildFile; fileRef = 49735EE72C0053AF00AD26A6 /* QuickPicksView.swift */; };
		49735EEA2C0054AB00AD26A6 /* CircledButton.swift in Sources */ = {isa = PBXBuildFile; fileRef = 49735EE92C0054AB00AD26A6 /* CircledButton.swift */; };
		49735EEC2C00B85200AD26A6 /* QuickPicksViewModel.swift in Sources */ = {isa = PBXBuildFile; fileRef = 49735EEB2C00B85200AD26A6 /* QuickPicksViewModel.swift */; };
		49735EEF2C00B8B600AD26A6 /* SongsList.swift in Sources */ = {isa = PBXBuildFile; fileRef = 49735EEE2C00B8B600AD26A6 /* SongsList.swift */; };
		49735EF12C00BF1900AD26A6 /* SectionView.swift in Sources */ = {isa = PBXBuildFile; fileRef = 49735EF02C00BF1900AD26A6 /* SectionView.swift */; };
		49735EF42C02586C00AD26A6 /* PlayerView.swift in Sources */ = {isa = PBXBuildFile; fileRef = 49735EF32C02586C00AD26A6 /* PlayerView.swift */; };
		49735EF82C02647200AD26A6 /* PlayerButton.swift in Sources */ = {isa = PBXBuildFile; fileRef = 49735EF72C02647200AD26A6 /* PlayerButton.swift */; };
		49C3B68A2C0F148100B03D6F /* TokenManager.swift in Sources */ = {isa = PBXBuildFile; fileRef = 49C3B6892C0F148100B03D6F /* TokenManager.swift */; };
		49F43DE52C1E14F60092B722 /* ImageLoader.swift in Sources */ = {isa = PBXBuildFile; fileRef = 49F43DE42C1E14F60092B722 /* ImageLoader.swift */; };
/* End PBXBuildFile section */

/* Begin PBXFileReference section */
		4901A8CF2C0E4055007348B9 /* PlayerViewModel.swift */ = {isa = PBXFileReference; lastKnownFileType = sourcecode.swift; path = PlayerViewModel.swift; sourceTree = "<group>"; };
		493680A12C1B834800285C1C /* UserDefaultsManager.swift */ = {isa = PBXFileReference; lastKnownFileType = sourcecode.swift; path = UserDefaultsManager.swift; sourceTree = "<group>"; };
		493CB1592C1DE86E006E951F /* SongRowViewModel.swift */ = {isa = PBXFileReference; lastKnownFileType = sourcecode.swift; path = SongRowViewModel.swift; sourceTree = "<group>"; };
		494975702C0B9D60005AE3B0 /* Artist.swift */ = {isa = PBXFileReference; lastKnownFileType = sourcecode.swift; path = Artist.swift; sourceTree = "<group>"; };
		4954A83F2C1F05080054F1BF /* PreviewManager.swift */ = {isa = PBXFileReference; lastKnownFileType = sourcecode.swift; path = PreviewManager.swift; sourceTree = "<group>"; };
		4954A8422C1F3FC00054F1BF /* SliderView.swift */ = {isa = PBXFileReference; lastKnownFileType = sourcecode.swift; path = SliderView.swift; sourceTree = "<group>"; };
		4954A8442C1F3FCF0054F1BF /* SliderViewModel.swift */ = {isa = PBXFileReference; lastKnownFileType = sourcecode.swift; path = SliderViewModel.swift; sourceTree = "<group>"; };
		4970D5C42C05E3E900E9AFE6 /* NetworkingManager.swift */ = {isa = PBXFileReference; lastKnownFileType = sourcecode.swift; path = NetworkingManager.swift; sourceTree = "<group>"; };
		4970D5C72C05E4FF00E9AFE6 /* SpotifyApiService.swift */ = {isa = PBXFileReference; lastKnownFileType = sourcecode.swift; path = SpotifyApiService.swift; sourceTree = "<group>"; };
		4970D5C92C066B6500E9AFE6 /* User.swift */ = {isa = PBXFileReference; lastKnownFileType = sourcecode.swift; path = User.swift; sourceTree = "<group>"; };
		4970D5CE2C06FED800E9AFE6 /* SpotifyAuthView.swift */ = {isa = PBXFileReference; lastKnownFileType = sourcecode.swift; path = SpotifyAuthView.swift; sourceTree = "<group>"; };
		49735EC42BFF86F500AD26A6 /* Music.app */ = {isa = PBXFileReference; explicitFileType = wrapper.application; includeInIndex = 0; path = Music.app; sourceTree = BUILT_PRODUCTS_DIR; };
		49735EC72BFF86F500AD26A6 /* MusicApp.swift */ = {isa = PBXFileReference; lastKnownFileType = sourcecode.swift; path = MusicApp.swift; sourceTree = "<group>"; };
		49735ECB2BFF86F600AD26A6 /* Assets.xcassets */ = {isa = PBXFileReference; lastKnownFileType = folder.assetcatalog; path = Assets.xcassets; sourceTree = "<group>"; };
		49735ECE2BFF86F600AD26A6 /* Preview Assets.xcassets */ = {isa = PBXFileReference; lastKnownFileType = folder.assetcatalog; path = "Preview Assets.xcassets"; sourceTree = "<group>"; };
		49735ED82C003E3100AD26A6 /* HomeView.swift */ = {isa = PBXFileReference; lastKnownFileType = sourcecode.swift; path = HomeView.swift; sourceTree = "<group>"; };
		49735EDA2C003E4F00AD26A6 /* HomeViewModel.swift */ = {isa = PBXFileReference; lastKnownFileType = sourcecode.swift; path = HomeViewModel.swift; sourceTree = "<group>"; };
		49735EDD2C003E7800AD26A6 /* HeaderView.swift */ = {isa = PBXFileReference; lastKnownFileType = sourcecode.swift; path = HeaderView.swift; sourceTree = "<group>"; };
		49735EDF2C003E8400AD26A6 /* HeaderViewModel.swift */ = {isa = PBXFileReference; lastKnownFileType = sourcecode.swift; path = HeaderViewModel.swift; sourceTree = "<group>"; };
		49735EE22C0046C400AD26A6 /* FooterView.swift */ = {isa = PBXFileReference; lastKnownFileType = sourcecode.swift; path = FooterView.swift; sourceTree = "<group>"; };
		49735EE42C004E1200AD26A6 /* SongRowView.swift */ = {isa = PBXFileReference; lastKnownFileType = sourcecode.swift; path = SongRowView.swift; sourceTree = "<group>"; };
		49735EE72C0053AF00AD26A6 /* QuickPicksView.swift */ = {isa = PBXFileReference; lastKnownFileType = sourcecode.swift; path = QuickPicksView.swift; sourceTree = "<group>"; };
		49735EE92C0054AB00AD26A6 /* CircledButton.swift */ = {isa = PBXFileReference; lastKnownFileType = sourcecode.swift; path = CircledButton.swift; sourceTree = "<group>"; };
		49735EEB2C00B85200AD26A6 /* QuickPicksViewModel.swift */ = {isa = PBXFileReference; lastKnownFileType = sourcecode.swift; path = QuickPicksViewModel.swift; sourceTree = "<group>"; };
		49735EEE2C00B8B600AD26A6 /* SongsList.swift */ = {isa = PBXFileReference; lastKnownFileType = sourcecode.swift; path = SongsList.swift; sourceTree = "<group>"; };
		49735EF02C00BF1900AD26A6 /* SectionView.swift */ = {isa = PBXFileReference; lastKnownFileType = sourcecode.swift; path = SectionView.swift; sourceTree = "<group>"; };
		49735EF32C02586C00AD26A6 /* PlayerView.swift */ = {isa = PBXFileReference; lastKnownFileType = sourcecode.swift; path = PlayerView.swift; sourceTree = "<group>"; };
		49735EF72C02647200AD26A6 /* PlayerButton.swift */ = {isa = PBXFileReference; lastKnownFileType = sourcecode.swift; path = PlayerButton.swift; sourceTree = "<group>"; };
		49C3B6892C0F148100B03D6F /* TokenManager.swift */ = {isa = PBXFileReference; lastKnownFileType = sourcecode.swift; path = TokenManager.swift; sourceTree = "<group>"; };
		49F43DE42C1E14F60092B722 /* ImageLoader.swift */ = {isa = PBXFileReference; lastKnownFileType = sourcecode.swift; path = ImageLoader.swift; sourceTree = "<group>"; };
/* End PBXFileReference section */

/* Begin PBXFrameworksBuildPhase section */
		49735EC12BFF86F500AD26A6 /* Frameworks */ = {
			isa = PBXFrameworksBuildPhase;
			buildActionMask = 2147483647;
			files = (
			);
			runOnlyForDeploymentPostprocessing = 0;
		};
/* End PBXFrameworksBuildPhase section */

/* Begin PBXGroup section */
		493CB1582C1DE85B006E951F /* SongRowView */ = {
			isa = PBXGroup;
			children = (
				49735EE42C004E1200AD26A6 /* SongRowView.swift */,
				493CB1592C1DE86E006E951F /* SongRowViewModel.swift */,
			);
			path = SongRowView;
			sourceTree = "<group>";
		};
		4954A8412C1F3FAD0054F1BF /* SliderView */ = {
			isa = PBXGroup;
			children = (
				4954A8422C1F3FC00054F1BF /* SliderView.swift */,
				4954A8442C1F3FCF0054F1BF /* SliderViewModel.swift */,
			);
			path = SliderView;
			sourceTree = "<group>";
		};
		4970D5C32C05E3D200E9AFE6 /* Utilities */ = {
			isa = PBXGroup;
			children = (
				4970D5C42C05E3E900E9AFE6 /* NetworkingManager.swift */,
				49C3B6892C0F148100B03D6F /* TokenManager.swift */,
				493680A12C1B834800285C1C /* UserDefaultsManager.swift */,
				49F43DE42C1E14F60092B722 /* ImageLoader.swift */,
				4954A83F2C1F05080054F1BF /* PreviewManager.swift */,
			);
			path = Utilities;
			sourceTree = "<group>";
		};
		4970D5C62C05E44300E9AFE6 /* Services */ = {
			isa = PBXGroup;
			children = (
				4970D5C72C05E4FF00E9AFE6 /* SpotifyApiService.swift */,
			);
			path = Services;
			sourceTree = "<group>";
		};
		4970D5CB2C06FDB700E9AFE6 /* SpotifyAuthView */ = {
			isa = PBXGroup;
			children = (
				4970D5CE2C06FED800E9AFE6 /* SpotifyAuthView.swift */,
			);
			path = SpotifyAuthView;
			sourceTree = "<group>";
		};
		49735EBB2BFF86F500AD26A6 = {
			isa = PBXGroup;
			children = (
				49735EC62BFF86F500AD26A6 /* Music */,
				49735EC52BFF86F500AD26A6 /* Products */,
			);
			sourceTree = "<group>";
		};
		49735EC52BFF86F500AD26A6 /* Products */ = {
			isa = PBXGroup;
			children = (
				49735EC42BFF86F500AD26A6 /* Music.app */,
			);
			name = Products;
			sourceTree = "<group>";
		};
		49735EC62BFF86F500AD26A6 /* Music */ = {
			isa = PBXGroup;
			children = (
				4970D5C62C05E44300E9AFE6 /* Services */,
				4970D5C32C05E3D200E9AFE6 /* Utilities */,
				49735EED2C00B89900AD26A6 /* Models */,
				49735ED62C003DC600AD26A6 /* Core */,
				49735ED52C003DBE00AD26A6 /* Components */,
				49735EC72BFF86F500AD26A6 /* MusicApp.swift */,
				49735ECB2BFF86F600AD26A6 /* Assets.xcassets */,
				49735ECD2BFF86F600AD26A6 /* Preview Content */,
			);
			path = Music;
			sourceTree = "<group>";
		};
		49735ECD2BFF86F600AD26A6 /* Preview Content */ = {
			isa = PBXGroup;
			children = (
				49735ECE2BFF86F600AD26A6 /* Preview Assets.xcassets */,
			);
			path = "Preview Content";
			sourceTree = "<group>";
		};
		49735ED52C003DBE00AD26A6 /* Components */ = {
			isa = PBXGroup;
			children = (
				4954A8412C1F3FAD0054F1BF /* SliderView */,
				493CB1582C1DE85B006E951F /* SongRowView */,
				49735EF02C00BF1900AD26A6 /* SectionView.swift */,
				49735EE92C0054AB00AD26A6 /* CircledButton.swift */,
				49735EF72C02647200AD26A6 /* PlayerButton.swift */,
			);
			path = Components;
			sourceTree = "<group>";
		};
		49735ED62C003DC600AD26A6 /* Core */ = {
			isa = PBXGroup;
			children = (
				4970D5CB2C06FDB700E9AFE6 /* SpotifyAuthView */,
				49735EF22C02585900AD26A6 /* PlayerView */,
				49735EE62C00539800AD26A6 /* QuickPicksView */,
				49735EDC2C003E6500AD26A6 /* HeaderView */,
				49735EE12C003E9600AD26A6 /* FooterView */,
				49735ED72C003DDB00AD26A6 /* HomeView */,
			);
			path = Core;
			sourceTree = "<group>";
		};
		49735ED72C003DDB00AD26A6 /* HomeView */ = {
			isa = PBXGroup;
			children = (
				49735ED82C003E3100AD26A6 /* HomeView.swift */,
				49735EDA2C003E4F00AD26A6 /* HomeViewModel.swift */,
			);
			path = HomeView;
			sourceTree = "<group>";
		};
		49735EDC2C003E6500AD26A6 /* HeaderView */ = {
			isa = PBXGroup;
			children = (
				49735EDD2C003E7800AD26A6 /* HeaderView.swift */,
				49735EDF2C003E8400AD26A6 /* HeaderViewModel.swift */,
			);
			path = HeaderView;
			sourceTree = "<group>";
		};
		49735EE12C003E9600AD26A6 /* FooterView */ = {
			isa = PBXGroup;
			children = (
				49735EE22C0046C400AD26A6 /* FooterView.swift */,
			);
			path = FooterView;
			sourceTree = "<group>";
		};
		49735EE62C00539800AD26A6 /* QuickPicksView */ = {
			isa = PBXGroup;
			children = (
				49735EE72C0053AF00AD26A6 /* QuickPicksView.swift */,
				49735EEB2C00B85200AD26A6 /* QuickPicksViewModel.swift */,
			);
			path = QuickPicksView;
			sourceTree = "<group>";
		};
		49735EED2C00B89900AD26A6 /* Models */ = {
			isa = PBXGroup;
			children = (
				49735EEE2C00B8B600AD26A6 /* SongsList.swift */,
				4970D5C92C066B6500E9AFE6 /* User.swift */,
				494975702C0B9D60005AE3B0 /* Artist.swift */,
			);
			path = Models;
			sourceTree = "<group>";
		};
		49735EF22C02585900AD26A6 /* PlayerView */ = {
			isa = PBXGroup;
			children = (
				49735EF32C02586C00AD26A6 /* PlayerView.swift */,
				4901A8CF2C0E4055007348B9 /* PlayerViewModel.swift */,
			);
			path = PlayerView;
			sourceTree = "<group>";
		};
/* End PBXGroup section */

/* Begin PBXNativeTarget section */
		49735EC32BFF86F500AD26A6 /* Music */ = {
			isa = PBXNativeTarget;
			buildConfigurationList = 49735ED22BFF86F600AD26A6 /* Build configuration list for PBXNativeTarget "Music" */;
			buildPhases = (
				49735EC02BFF86F500AD26A6 /* Sources */,
				49735EC12BFF86F500AD26A6 /* Frameworks */,
				49735EC22BFF86F500AD26A6 /* Resources */,
			);
			buildRules = (
			);
			dependencies = (
			);
			name = Music;
			packageProductDependencies = (
			);
			productName = Music;
			productReference = 49735EC42BFF86F500AD26A6 /* Music.app */;
			productType = "com.apple.product-type.application";
		};
/* End PBXNativeTarget section */

/* Begin PBXProject section */
		49735EBC2BFF86F500AD26A6 /* Project object */ = {
			isa = PBXProject;
			attributes = {
				BuildIndependentTargetsInParallel = 1;
				LastSwiftUpdateCheck = 1530;
				LastUpgradeCheck = 1530;
				TargetAttributes = {
					49735EC32BFF86F500AD26A6 = {
						CreatedOnToolsVersion = 15.3;
					};
				};
			};
			buildConfigurationList = 49735EBF2BFF86F500AD26A6 /* Build configuration list for PBXProject "Music" */;
			compatibilityVersion = "Xcode 14.0";
			developmentRegion = en;
			hasScannedForEncodings = 0;
			knownRegions = (
				en,
				Base,
			);
			mainGroup = 49735EBB2BFF86F500AD26A6;
			packageReferences = (
			);
			productRefGroup = 49735EC52BFF86F500AD26A6 /* Products */;
			projectDirPath = "";
			projectRoot = "";
			targets = (
				49735EC32BFF86F500AD26A6 /* Music */,
			);
		};
/* End PBXProject section */

/* Begin PBXResourcesBuildPhase section */
		49735EC22BFF86F500AD26A6 /* Resources */ = {
			isa = PBXResourcesBuildPhase;
			buildActionMask = 2147483647;
			files = (
				49735ECF2BFF86F600AD26A6 /* Preview Assets.xcassets in Resources */,
				49735ECC2BFF86F600AD26A6 /* Assets.xcassets in Resources */,
			);
			runOnlyForDeploymentPostprocessing = 0;
		};
/* End PBXResourcesBuildPhase section */

/* Begin PBXSourcesBuildPhase section */
		49735EC02BFF86F500AD26A6 /* Sources */ = {
			isa = PBXSourcesBuildPhase;
			buildActionMask = 2147483647;
			files = (
				49735EC82BFF86F500AD26A6 /* MusicApp.swift in Sources */,
				4954A8432C1F3FC00054F1BF /* SliderView.swift in Sources */,
				49735EE02C003E8400AD26A6 /* HeaderViewModel.swift in Sources */,
				49735EDB2C003E4F00AD26A6 /* HomeViewModel.swift in Sources */,
				4970D5C52C05E3E900E9AFE6 /* NetworkingManager.swift in Sources */,
				493680A22C1B834800285C1C /* UserDefaultsManager.swift in Sources */,
				4954A8402C1F05080054F1BF /* PreviewManager.swift in Sources */,
				49735EEA2C0054AB00AD26A6 /* CircledButton.swift in Sources */,
				49735EE32C0046C400AD26A6 /* FooterView.swift in Sources */,
				49735EEF2C00B8B600AD26A6 /* SongsList.swift in Sources */,
				493CB15A2C1DE86E006E951F /* SongRowViewModel.swift in Sources */,
				4970D5CA2C066B6500E9AFE6 /* User.swift in Sources */,
				49735ED92C003E3100AD26A6 /* HomeView.swift in Sources */,
				4954A8452C1F3FCF0054F1BF /* SliderViewModel.swift in Sources */,
				4970D5CF2C06FED800E9AFE6 /* SpotifyAuthView.swift in Sources */,
				49735EF42C02586C00AD26A6 /* PlayerView.swift in Sources */,
				49C3B68A2C0F148100B03D6F /* TokenManager.swift in Sources */,
				4901A8D02C0E4055007348B9 /* PlayerViewModel.swift in Sources */,
				49735EF82C02647200AD26A6 /* PlayerButton.swift in Sources */,
				49735EE82C0053AF00AD26A6 /* QuickPicksView.swift in Sources */,
				4970D5C82C05E4FF00E9AFE6 /* SpotifyApiService.swift in Sources */,
				49735EF12C00BF1900AD26A6 /* SectionView.swift in Sources */,
				49F43DE52C1E14F60092B722 /* ImageLoader.swift in Sources */,
				49735EEC2C00B85200AD26A6 /* QuickPicksViewModel.swift in Sources */,
				49735EE52C004E1200AD26A6 /* SongRowView.swift in Sources */,
				494975712C0B9D61005AE3B0 /* Artist.swift in Sources */,
				49735EDE2C003E7800AD26A6 /* HeaderView.swift in Sources */,
			);
			runOnlyForDeploymentPostprocessing = 0;
		};
/* End PBXSourcesBuildPhase section */

/* Begin XCBuildConfiguration section */
		49735ED02BFF86F600AD26A6 /* Debug */ = {
			isa = XCBuildConfiguration;
			buildSettings = {
				ALWAYS_SEARCH_USER_PATHS = NO;
				ASSETCATALOG_COMPILER_GENERATE_SWIFT_ASSET_SYMBOL_EXTENSIONS = YES;
				CLANG_ANALYZER_NONNULL = YES;
				CLANG_ANALYZER_NUMBER_OBJECT_CONVERSION = YES_AGGRESSIVE;
				CLANG_CXX_LANGUAGE_STANDARD = "gnu++20";
				CLANG_ENABLE_MODULES = YES;
				CLANG_ENABLE_OBJC_ARC = YES;
				CLANG_ENABLE_OBJC_WEAK = YES;
				CLANG_WARN_BLOCK_CAPTURE_AUTORELEASING = YES;
				CLANG_WARN_BOOL_CONVERSION = YES;
				CLANG_WARN_COMMA = YES;
				CLANG_WARN_CONSTANT_CONVERSION = YES;
				CLANG_WARN_DEPRECATED_OBJC_IMPLEMENTATIONS = YES;
				CLANG_WARN_DIRECT_OBJC_ISA_USAGE = YES_ERROR;
				CLANG_WARN_DOCUMENTATION_COMMENTS = YES;
				CLANG_WARN_EMPTY_BODY = YES;
				CLANG_WARN_ENUM_CONVERSION = YES;
				CLANG_WARN_INFINITE_RECURSION = YES;
				CLANG_WARN_INT_CONVERSION = YES;
				CLANG_WARN_NON_LITERAL_NULL_CONVERSION = YES;
				CLANG_WARN_OBJC_IMPLICIT_RETAIN_SELF = YES;
				CLANG_WARN_OBJC_LITERAL_CONVERSION = YES;
				CLANG_WARN_OBJC_ROOT_CLASS = YES_ERROR;
				CLANG_WARN_QUOTED_INCLUDE_IN_FRAMEWORK_HEADER = YES;
				CLANG_WARN_RANGE_LOOP_ANALYSIS = YES;
				CLANG_WARN_STRICT_PROTOTYPES = YES;
				CLANG_WARN_SUSPICIOUS_MOVE = YES;
				CLANG_WARN_UNGUARDED_AVAILABILITY = YES_AGGRESSIVE;
				CLANG_WARN_UNREACHABLE_CODE = YES;
				CLANG_WARN__DUPLICATE_METHOD_MATCH = YES;
				COPY_PHASE_STRIP = NO;
				DEBUG_INFORMATION_FORMAT = dwarf;
				ENABLE_STRICT_OBJC_MSGSEND = YES;
				ENABLE_TESTABILITY = YES;
				ENABLE_USER_SCRIPT_SANDBOXING = YES;
				GCC_C_LANGUAGE_STANDARD = gnu17;
				GCC_DYNAMIC_NO_PIC = NO;
				GCC_NO_COMMON_BLOCKS = YES;
				GCC_OPTIMIZATION_LEVEL = 0;
				GCC_PREPROCESSOR_DEFINITIONS = (
					"DEBUG=1",
					"$(inherited)",
				);
				GCC_WARN_64_TO_32_BIT_CONVERSION = YES;
				GCC_WARN_ABOUT_RETURN_TYPE = YES_ERROR;
				GCC_WARN_UNDECLARED_SELECTOR = YES;
				GCC_WARN_UNINITIALIZED_AUTOS = YES_AGGRESSIVE;
				GCC_WARN_UNUSED_FUNCTION = YES;
				GCC_WARN_UNUSED_VARIABLE = YES;
				IPHONEOS_DEPLOYMENT_TARGET = 17.4;
				LOCALIZATION_PREFERS_STRING_CATALOGS = YES;
				MTL_ENABLE_DEBUG_INFO = INCLUDE_SOURCE;
				MTL_FAST_MATH = YES;
				ONLY_ACTIVE_ARCH = YES;
				SDKROOT = iphoneos;
				SWIFT_ACTIVE_COMPILATION_CONDITIONS = "DEBUG $(inherited)";
				SWIFT_OPTIMIZATION_LEVEL = "-Onone";
			};
			name = Debug;
		};
		49735ED12BFF86F600AD26A6 /* Release */ = {
			isa = XCBuildConfiguration;
			buildSettings = {
				ALWAYS_SEARCH_USER_PATHS = NO;
				ASSETCATALOG_COMPILER_GENERATE_SWIFT_ASSET_SYMBOL_EXTENSIONS = YES;
				CLANG_ANALYZER_NONNULL = YES;
				CLANG_ANALYZER_NUMBER_OBJECT_CONVERSION = YES_AGGRESSIVE;
				CLANG_CXX_LANGUAGE_STANDARD = "gnu++20";
				CLANG_ENABLE_MODULES = YES;
				CLANG_ENABLE_OBJC_ARC = YES;
				CLANG_ENABLE_OBJC_WEAK = YES;
				CLANG_WARN_BLOCK_CAPTURE_AUTORELEASING = YES;
				CLANG_WARN_BOOL_CONVERSION = YES;
				CLANG_WARN_COMMA = YES;
				CLANG_WARN_CONSTANT_CONVERSION = YES;
				CLANG_WARN_DEPRECATED_OBJC_IMPLEMENTATIONS = YES;
				CLANG_WARN_DIRECT_OBJC_ISA_USAGE = YES_ERROR;
				CLANG_WARN_DOCUMENTATION_COMMENTS = YES;
				CLANG_WARN_EMPTY_BODY = YES;
				CLANG_WARN_ENUM_CONVERSION = YES;
				CLANG_WARN_INFINITE_RECURSION = YES;
				CLANG_WARN_INT_CONVERSION = YES;
				CLANG_WARN_NON_LITERAL_NULL_CONVERSION = YES;
				CLANG_WARN_OBJC_IMPLICIT_RETAIN_SELF = YES;
				CLANG_WARN_OBJC_LITERAL_CONVERSION = YES;
				CLANG_WARN_OBJC_ROOT_CLASS = YES_ERROR;
				CLANG_WARN_QUOTED_INCLUDE_IN_FRAMEWORK_HEADER = YES;
				CLANG_WARN_RANGE_LOOP_ANALYSIS = YES;
				CLANG_WARN_STRICT_PROTOTYPES = YES;
				CLANG_WARN_SUSPICIOUS_MOVE = YES;
				CLANG_WARN_UNGUARDED_AVAILABILITY = YES_AGGRESSIVE;
				CLANG_WARN_UNREACHABLE_CODE = YES;
				CLANG_WARN__DUPLICATE_METHOD_MATCH = YES;
				COPY_PHASE_STRIP = NO;
				DEBUG_INFORMATION_FORMAT = "dwarf-with-dsym";
				ENABLE_NS_ASSERTIONS = NO;
				ENABLE_STRICT_OBJC_MSGSEND = YES;
				ENABLE_USER_SCRIPT_SANDBOXING = YES;
				GCC_C_LANGUAGE_STANDARD = gnu17;
				GCC_NO_COMMON_BLOCKS = YES;
				GCC_WARN_64_TO_32_BIT_CONVERSION = YES;
				GCC_WARN_ABOUT_RETURN_TYPE = YES_ERROR;
				GCC_WARN_UNDECLARED_SELECTOR = YES;
				GCC_WARN_UNINITIALIZED_AUTOS = YES_AGGRESSIVE;
				GCC_WARN_UNUSED_FUNCTION = YES;
				GCC_WARN_UNUSED_VARIABLE = YES;
				IPHONEOS_DEPLOYMENT_TARGET = 17.4;
				LOCALIZATION_PREFERS_STRING_CATALOGS = YES;
				MTL_ENABLE_DEBUG_INFO = NO;
				MTL_FAST_MATH = YES;
				SDKROOT = iphoneos;
				SWIFT_COMPILATION_MODE = wholemodule;
				VALIDATE_PRODUCT = YES;
			};
			name = Release;
		};
		49735ED32BFF86F600AD26A6 /* Debug */ = {
			isa = XCBuildConfiguration;
			buildSettings = {
				ASSETCATALOG_COMPILER_APPICON_NAME = AppIcon;
				ASSETCATALOG_COMPILER_GLOBAL_ACCENT_COLOR_NAME = AccentColor;
				CODE_SIGN_STYLE = Automatic;
				CURRENT_PROJECT_VERSION = 1;
				DEVELOPMENT_ASSET_PATHS = "\"Music/Preview Content\"";
				DEVELOPMENT_TEAM = RJKDWJ5LVK;
				ENABLE_PREVIEWS = YES;
				GENERATE_INFOPLIST_FILE = YES;
				INFOPLIST_KEY_UIApplicationSceneManifest_Generation = YES;
				INFOPLIST_KEY_UIApplicationSupportsIndirectInputEvents = YES;
				INFOPLIST_KEY_UILaunchScreen_Generation = YES;
				INFOPLIST_KEY_UISupportedInterfaceOrientations_iPad = "UIInterfaceOrientationPortrait UIInterfaceOrientationPortraitUpsideDown UIInterfaceOrientationLandscapeLeft UIInterfaceOrientationLandscapeRight";
				INFOPLIST_KEY_UISupportedInterfaceOrientations_iPhone = "UIInterfaceOrientationPortrait UIInterfaceOrientationLandscapeLeft UIInterfaceOrientationLandscapeRight";
				LD_RUNPATH_SEARCH_PATHS = (
					"$(inherited)",
					"@executable_path/Frameworks",
				);
				MARKETING_VERSION = 1.0;
				PRODUCT_BUNDLE_IDENTIFIER = artemsomar.Music;
				PRODUCT_NAME = "$(TARGET_NAME)";
				SWIFT_EMIT_LOC_STRINGS = YES;
				SWIFT_VERSION = 5.0;
				TARGETED_DEVICE_FAMILY = "1,2";
			};
			name = Debug;
		};
		49735ED42BFF86F600AD26A6 /* Release */ = {
			isa = XCBuildConfiguration;
			buildSettings = {
				ASSETCATALOG_COMPILER_APPICON_NAME = AppIcon;
				ASSETCATALOG_COMPILER_GLOBAL_ACCENT_COLOR_NAME = AccentColor;
				CODE_SIGN_STYLE = Automatic;
				CURRENT_PROJECT_VERSION = 1;
				DEVELOPMENT_ASSET_PATHS = "\"Music/Preview Content\"";
				DEVELOPMENT_TEAM = RJKDWJ5LVK;
				ENABLE_PREVIEWS = YES;
				GENERATE_INFOPLIST_FILE = YES;
				INFOPLIST_KEY_UIApplicationSceneManifest_Generation = YES;
				INFOPLIST_KEY_UIApplicationSupportsIndirectInputEvents = YES;
				INFOPLIST_KEY_UILaunchScreen_Generation = YES;
				INFOPLIST_KEY_UISupportedInterfaceOrientations_iPad = "UIInterfaceOrientationPortrait UIInterfaceOrientationPortraitUpsideDown UIInterfaceOrientationLandscapeLeft UIInterfaceOrientationLandscapeRight";
				INFOPLIST_KEY_UISupportedInterfaceOrientations_iPhone = "UIInterfaceOrientationPortrait UIInterfaceOrientationLandscapeLeft UIInterfaceOrientationLandscapeRight";
				LD_RUNPATH_SEARCH_PATHS = (
					"$(inherited)",
					"@executable_path/Frameworks",
				);
				MARKETING_VERSION = 1.0;
				PRODUCT_BUNDLE_IDENTIFIER = artemsomar.Music;
				PRODUCT_NAME = "$(TARGET_NAME)";
				SWIFT_EMIT_LOC_STRINGS = YES;
				SWIFT_VERSION = 5.0;
				TARGETED_DEVICE_FAMILY = "1,2";
			};
			name = Release;
		};
/* End XCBuildConfiguration section */

/* Begin XCConfigurationList section */
		49735EBF2BFF86F500AD26A6 /* Build configuration list for PBXProject "Music" */ = {
			isa = XCConfigurationList;
			buildConfigurations = (
				49735ED02BFF86F600AD26A6 /* Debug */,
				49735ED12BFF86F600AD26A6 /* Release */,
			);
			defaultConfigurationIsVisible = 0;
			defaultConfigurationName = Release;
		};
		49735ED22BFF86F600AD26A6 /* Build configuration list for PBXNativeTarget "Music" */ = {
			isa = XCConfigurationList;
			buildConfigurations = (
				49735ED32BFF86F600AD26A6 /* Debug */,
				49735ED42BFF86F600AD26A6 /* Release */,
			);
			defaultConfigurationIsVisible = 0;
			defaultConfigurationName = Release;
		};
/* End XCConfigurationList section */
	};
	rootObject = 49735EBC2BFF86F500AD26A6 /* Project object */;
}
